// !$*UTF8*$!
{
	archiveVersion = 1;
	classes = {
	};
	objectVersion = 51;
	objects = {

/* Begin PBXBuildFile section */
		5207D3822576A07500AE19F3 /* NewsfeedCellLayoutCalculator.swift in Sources */ = {isa = PBXBuildFile; fileRef = 5207D3812576A07500AE19F3 /* NewsfeedCellLayoutCalculator.swift */; };
		5207D3852576AE6100AE19F3 /* String+Height.swift in Sources */ = {isa = PBXBuildFile; fileRef = 5207D3842576AE6100AE19F3 /* String+Height.swift */; };
		5209962B25722EC70090F32E /* AppDelegate.swift in Sources */ = {isa = PBXBuildFile; fileRef = 5209962A25722EC70090F32E /* AppDelegate.swift */; };
		5209962D25722EC70090F32E /* SceneDelegate.swift in Sources */ = {isa = PBXBuildFile; fileRef = 5209962C25722EC70090F32E /* SceneDelegate.swift */; };
		5209962F25722EC70090F32E /* AuthViewController.swift in Sources */ = {isa = PBXBuildFile; fileRef = 5209962E25722EC70090F32E /* AuthViewController.swift */; };
		5209963425722EC80090F32E /* Assets.xcassets in Resources */ = {isa = PBXBuildFile; fileRef = 5209963325722EC80090F32E /* Assets.xcassets */; };
		5209963725722EC80090F32E /* LaunchScreen.storyboard in Resources */ = {isa = PBXBuildFile; fileRef = 5209963525722EC80090F32E /* LaunchScreen.storyboard */; };
		5209965025723BBC0090F32E /* AuthService.swift in Sources */ = {isa = PBXBuildFile; fileRef = 5209964F25723BBC0090F32E /* AuthService.swift */; };
		5209965625723E7A0090F32E /* AuthScene.storyboard in Resources */ = {isa = PBXBuildFile; fileRef = 5209965525723E7A0090F32E /* AuthScene.storyboard */; };
		520996632572A7D40090F32E /* NetworkService.swift in Sources */ = {isa = PBXBuildFile; fileRef = 520996622572A7D40090F32E /* NetworkService.swift */; };
		520996662572A8280090F32E /* API.swift in Sources */ = {isa = PBXBuildFile; fileRef = 520996652572A8280090F32E /* API.swift */; };
		5209966C2572C6810090F32E /* FeedResponse.swift in Sources */ = {isa = PBXBuildFile; fileRef = 5209966B2572C6810090F32E /* FeedResponse.swift */; };
		5209966F2572CA060090F32E /* NetworkDataFetcher.swift in Sources */ = {isa = PBXBuildFile; fileRef = 5209966E2572CA060090F32E /* NetworkDataFetcher.swift */; };
		524C664F2572D61600CE9C13 /* NewsfeedPresenter.swift in Sources */ = {isa = PBXBuildFile; fileRef = 524C66482572D61600CE9C13 /* NewsfeedPresenter.swift */; };
		524C66502572D61600CE9C13 /* NewsfeedWorker.swift in Sources */ = {isa = PBXBuildFile; fileRef = 524C66492572D61600CE9C13 /* NewsfeedWorker.swift */; };
		524C66512572D61600CE9C13 /* NewsfeedRouter.swift in Sources */ = {isa = PBXBuildFile; fileRef = 524C664A2572D61600CE9C13 /* NewsfeedRouter.swift */; };
		524C66522572D61600CE9C13 /* NewsfeedModels.swift in Sources */ = {isa = PBXBuildFile; fileRef = 524C664B2572D61600CE9C13 /* NewsfeedModels.swift */; };
		524C66532572D61600CE9C13 /* NewsfeedViewController.swift in Sources */ = {isa = PBXBuildFile; fileRef = 524C664C2572D61600CE9C13 /* NewsfeedViewController.swift */; };
		524C66542572D61600CE9C13 /* NewsfeedInteractor.swift in Sources */ = {isa = PBXBuildFile; fileRef = 524C664D2572D61600CE9C13 /* NewsfeedInteractor.swift */; };
		5252DA5E25780769005A79A0 /* NewsfeedCodeCell.swift in Sources */ = {isa = PBXBuildFile; fileRef = 5252DA5D25780769005A79A0 /* NewsfeedCodeCell.swift */; };
		5252DA6125780FCF005A79A0 /* Constants.swift in Sources */ = {isa = PBXBuildFile; fileRef = 5252DA6025780FCF005A79A0 /* Constants.swift */; };
		527253E7257B8D4A003D4A79 /* Constraints.swift in Sources */ = {isa = PBXBuildFile; fileRef = 527253E6257B8D4A003D4A79 /* Constraints.swift */; };
		527253EB257BEA05003D4A79 /* GalleryCollectionView.swift in Sources */ = {isa = PBXBuildFile; fileRef = 527253EA257BEA05003D4A79 /* GalleryCollectionView.swift */; };
		527253EE257BEA13003D4A79 /* GalleryCollectionViewCell.swift in Sources */ = {isa = PBXBuildFile; fileRef = 527253ED257BEA13003D4A79 /* GalleryCollectionViewCell.swift */; };
		527253F1257BEA37003D4A79 /* Rowlayout.swift in Sources */ = {isa = PBXBuildFile; fileRef = 527253F0257BEA37003D4A79 /* Rowlayout.swift */; };
		527253F9257C0BA0003D4A79 /* TitleView.swift in Sources */ = {isa = PBXBuildFile; fileRef = 527253F8257C0BA0003D4A79 /* TitleView.swift */; };
		527253FC257C0BB2003D4A79 /* InsetableTextField.swift in Sources */ = {isa = PBXBuildFile; fileRef = 527253FB257C0BB2003D4A79 /* InsetableTextField.swift */; };
		527253FF257C0BE8003D4A79 /* UserResponse.swift in Sources */ = {isa = PBXBuildFile; fileRef = 527253FE257C0BE8003D4A79 /* UserResponse.swift */; };
		527421DD2573BCAC0087CE70 /* WebImageView.swift in Sources */ = {isa = PBXBuildFile; fileRef = 527421DC2573BCAC0087CE70 /* WebImageView.swift */; };
		527F1EEB259CFB7800A27F67 /* CircleProgressView.swift in Sources */ = {isa = PBXBuildFile; fileRef = 527F1EEA259CFB7800A27F67 /* CircleProgressView.swift */; };
		52863481257399F5005B58F8 /* NewsfeedScene.storyboard in Resources */ = {isa = PBXBuildFile; fileRef = 52863480257399F5005B58F8 /* NewsfeedScene.storyboard */; };
		5286348525739AF5005B58F8 /* NewsfeedCell.swift in Sources */ = {isa = PBXBuildFile; fileRef = 5286348425739AF5005B58F8 /* NewsfeedCell.swift */; };
		5286348825739B00005B58F8 /* NewsfeedCell.xib in Resources */ = {isa = PBXBuildFile; fileRef = 5286348725739B00005B58F8 /* NewsfeedCell.xib */; };
		52E9BDF0257CADB10025944E /* FooterView.swift in Sources */ = {isa = PBXBuildFile; fileRef = 52E9BDEF257CADB10025944E /* FooterView.swift */; };
		52E9BDF3257CADD20025944E /* Localizable.stringsdict in Resources */ = {isa = PBXBuildFile; fileRef = 52E9BDF2257CADD20025944E /* Localizable.stringsdict */; };
		52E9BDF6257CAF340025944E /* GradientView.swift in Sources */ = {isa = PBXBuildFile; fileRef = 52E9BDF5257CAF340025944E /* GradientView.swift */; };
		7A5C60185F39C21079C8292F /* Pods_VKNewsfeed.framework in Frameworks */ = {isa = PBXBuildFile; fileRef = D1B1F3A1ECAF56F1E140C79A /* Pods_VKNewsfeed.framework */; };
/* End PBXBuildFile section */

/* Begin PBXFileReference section */
		1874DB701DE34CF1B1D96F44 /* Pods-VKNewsfeed.release.xcconfig */ = {isa = PBXFileReference; includeInIndex = 1; lastKnownFileType = text.xcconfig; name = "Pods-VKNewsfeed.release.xcconfig"; path = "Target Support Files/Pods-VKNewsfeed/Pods-VKNewsfeed.release.xcconfig"; sourceTree = "<group>"; };
		5207D3812576A07500AE19F3 /* NewsfeedCellLayoutCalculator.swift */ = {isa = PBXFileReference; lastKnownFileType = sourcecode.swift; path = NewsfeedCellLayoutCalculator.swift; sourceTree = "<group>"; };
		5207D3842576AE6100AE19F3 /* String+Height.swift */ = {isa = PBXFileReference; lastKnownFileType = sourcecode.swift; path = "String+Height.swift"; sourceTree = "<group>"; };
		5209962725722EC70090F32E /* VKNewsfeed.app */ = {isa = PBXFileReference; explicitFileType = wrapper.application; includeInIndex = 0; path = VKNewsfeed.app; sourceTree = BUILT_PRODUCTS_DIR; };
		5209962A25722EC70090F32E /* AppDelegate.swift */ = {isa = PBXFileReference; lastKnownFileType = sourcecode.swift; path = AppDelegate.swift; sourceTree = "<group>"; };
		5209962C25722EC70090F32E /* SceneDelegate.swift */ = {isa = PBXFileReference; lastKnownFileType = sourcecode.swift; path = SceneDelegate.swift; sourceTree = "<group>"; };
		5209962E25722EC70090F32E /* AuthViewController.swift */ = {isa = PBXFileReference; lastKnownFileType = sourcecode.swift; path = AuthViewController.swift; sourceTree = "<group>"; };
		5209963325722EC80090F32E /* Assets.xcassets */ = {isa = PBXFileReference; lastKnownFileType = folder.assetcatalog; path = Assets.xcassets; sourceTree = "<group>"; };
		5209963625722EC80090F32E /* Base */ = {isa = PBXFileReference; lastKnownFileType = file.storyboard; name = Base; path = Base.lproj/LaunchScreen.storyboard; sourceTree = "<group>"; };
		5209963825722EC80090F32E /* Info.plist */ = {isa = PBXFileReference; lastKnownFileType = text.plist.xml; path = Info.plist; sourceTree = "<group>"; };
		5209964A25723A340090F32E /* VK_ios_sdk.framework */ = {isa = PBXFileReference; explicitFileType = wrapper.framework; path = VK_ios_sdk.framework; sourceTree = BUILT_PRODUCTS_DIR; };
		5209964F25723BBC0090F32E /* AuthService.swift */ = {isa = PBXFileReference; lastKnownFileType = sourcecode.swift; path = AuthService.swift; sourceTree = "<group>"; };
		5209965525723E7A0090F32E /* AuthScene.storyboard */ = {isa = PBXFileReference; lastKnownFileType = file.storyboard; path = AuthScene.storyboard; sourceTree = "<group>"; };
		520996622572A7D40090F32E /* NetworkService.swift */ = {isa = PBXFileReference; lastKnownFileType = sourcecode.swift; path = NetworkService.swift; sourceTree = "<group>"; };
		520996652572A8280090F32E /* API.swift */ = {isa = PBXFileReference; lastKnownFileType = sourcecode.swift; path = API.swift; sourceTree = "<group>"; };
		5209966B2572C6810090F32E /* FeedResponse.swift */ = {isa = PBXFileReference; lastKnownFileType = sourcecode.swift; path = FeedResponse.swift; sourceTree = "<group>"; };
		5209966E2572CA060090F32E /* NetworkDataFetcher.swift */ = {isa = PBXFileReference; lastKnownFileType = sourcecode.swift; path = NetworkDataFetcher.swift; sourceTree = "<group>"; };
		524C66482572D61600CE9C13 /* NewsfeedPresenter.swift */ = {isa = PBXFileReference; lastKnownFileType = sourcecode.swift; path = NewsfeedPresenter.swift; sourceTree = "<group>"; };
		524C66492572D61600CE9C13 /* NewsfeedWorker.swift */ = {isa = PBXFileReference; lastKnownFileType = sourcecode.swift; path = NewsfeedWorker.swift; sourceTree = "<group>"; };
		524C664A2572D61600CE9C13 /* NewsfeedRouter.swift */ = {isa = PBXFileReference; lastKnownFileType = sourcecode.swift; path = NewsfeedRouter.swift; sourceTree = "<group>"; };
		524C664B2572D61600CE9C13 /* NewsfeedModels.swift */ = {isa = PBXFileReference; lastKnownFileType = sourcecode.swift; path = NewsfeedModels.swift; sourceTree = "<group>"; };
		524C664C2572D61600CE9C13 /* NewsfeedViewController.swift */ = {isa = PBXFileReference; lastKnownFileType = sourcecode.swift; path = NewsfeedViewController.swift; sourceTree = "<group>"; };
		524C664D2572D61600CE9C13 /* NewsfeedInteractor.swift */ = {isa = PBXFileReference; lastKnownFileType = sourcecode.swift; path = NewsfeedInteractor.swift; sourceTree = "<group>"; };
		5252DA5D25780769005A79A0 /* NewsfeedCodeCell.swift */ = {isa = PBXFileReference; lastKnownFileType = sourcecode.swift; path = NewsfeedCodeCell.swift; sourceTree = "<group>"; };
		5252DA6025780FCF005A79A0 /* Constants.swift */ = {isa = PBXFileReference; lastKnownFileType = sourcecode.swift; path = Constants.swift; sourceTree = "<group>"; };
		527253E6257B8D4A003D4A79 /* Constraints.swift */ = {isa = PBXFileReference; lastKnownFileType = sourcecode.swift; path = Constraints.swift; sourceTree = "<group>"; };
		527253EA257BEA05003D4A79 /* GalleryCollectionView.swift */ = {isa = PBXFileReference; lastKnownFileType = sourcecode.swift; path = GalleryCollectionView.swift; sourceTree = "<group>"; };
		527253ED257BEA13003D4A79 /* GalleryCollectionViewCell.swift */ = {isa = PBXFileReference; lastKnownFileType = sourcecode.swift; path = GalleryCollectionViewCell.swift; sourceTree = "<group>"; };
		527253F0257BEA37003D4A79 /* Rowlayout.swift */ = {isa = PBXFileReference; lastKnownFileType = sourcecode.swift; path = Rowlayout.swift; sourceTree = "<group>"; };
		527253F8257C0BA0003D4A79 /* TitleView.swift */ = {isa = PBXFileReference; lastKnownFileType = sourcecode.swift; path = TitleView.swift; sourceTree = "<group>"; };
		527253FB257C0BB2003D4A79 /* InsetableTextField.swift */ = {isa = PBXFileReference; lastKnownFileType = sourcecode.swift; path = InsetableTextField.swift; sourceTree = "<group>"; };
		527253FE257C0BE8003D4A79 /* UserResponse.swift */ = {isa = PBXFileReference; lastKnownFileType = sourcecode.swift; path = UserResponse.swift; sourceTree = "<group>"; };
		527421DC2573BCAC0087CE70 /* WebImageView.swift */ = {isa = PBXFileReference; lastKnownFileType = sourcecode.swift; path = WebImageView.swift; sourceTree = "<group>"; };
		527F1EEA259CFB7800A27F67 /* CircleProgressView.swift */ = {isa = PBXFileReference; lastKnownFileType = sourcecode.swift; path = CircleProgressView.swift; sourceTree = "<group>"; };
		52863480257399F5005B58F8 /* NewsfeedScene.storyboard */ = {isa = PBXFileReference; lastKnownFileType = file.storyboard; path = NewsfeedScene.storyboard; sourceTree = "<group>"; };
		5286348425739AF5005B58F8 /* NewsfeedCell.swift */ = {isa = PBXFileReference; lastKnownFileType = sourcecode.swift; path = NewsfeedCell.swift; sourceTree = "<group>"; };
		5286348725739B00005B58F8 /* NewsfeedCell.xib */ = {isa = PBXFileReference; lastKnownFileType = file.xib; path = NewsfeedCell.xib; sourceTree = "<group>"; };
		52E9BDEF257CADB10025944E /* FooterView.swift */ = {isa = PBXFileReference; lastKnownFileType = sourcecode.swift; path = FooterView.swift; sourceTree = "<group>"; };
		52E9BDF2257CADD20025944E /* Localizable.stringsdict */ = {isa = PBXFileReference; lastKnownFileType = text.plist.stringsdict; path = Localizable.stringsdict; sourceTree = "<group>"; };
		52E9BDF5257CAF340025944E /* GradientView.swift */ = {isa = PBXFileReference; lastKnownFileType = sourcecode.swift; path = GradientView.swift; sourceTree = "<group>"; };
		664C3CE7119086FE3D6E566D /* Pods-VKNewsfeed.debug.xcconfig */ = {isa = PBXFileReference; includeInIndex = 1; lastKnownFileType = text.xcconfig; name = "Pods-VKNewsfeed.debug.xcconfig"; path = "Target Support Files/Pods-VKNewsfeed/Pods-VKNewsfeed.debug.xcconfig"; sourceTree = "<group>"; };
		D1B1F3A1ECAF56F1E140C79A /* Pods_VKNewsfeed.framework */ = {isa = PBXFileReference; explicitFileType = wrapper.framework; includeInIndex = 0; path = Pods_VKNewsfeed.framework; sourceTree = BUILT_PRODUCTS_DIR; };
/* End PBXFileReference section */

/* Begin PBXFrameworksBuildPhase section */
		5209962425722EC70090F32E /* Frameworks */ = {
			isa = PBXFrameworksBuildPhase;
			buildActionMask = 2147483647;
			files = (
				7A5C60185F39C21079C8292F /* Pods_VKNewsfeed.framework in Frameworks */,
			);
			runOnlyForDeploymentPostprocessing = 0;
		};
/* End PBXFrameworksBuildPhase section */

/* Begin PBXGroup section */
		19C2F7C13052B4C522A361FE /* Frameworks */ = {
			isa = PBXGroup;
			children = (
				5209964A25723A340090F32E /* VK_ios_sdk.framework */,
				D1B1F3A1ECAF56F1E140C79A /* Pods_VKNewsfeed.framework */,
			);
			name = Frameworks;
			sourceTree = "<group>";
		};
		2EFD5B23A691F0004A6A9F42 /* Pods */ = {
			isa = PBXGroup;
			children = (
				664C3CE7119086FE3D6E566D /* Pods-VKNewsfeed.debug.xcconfig */,
				1874DB701DE34CF1B1D96F44 /* Pods-VKNewsfeed.release.xcconfig */,
			);
			path = Pods;
			sourceTree = "<group>";
		};
		5209961E25722EC70090F32E = {
			isa = PBXGroup;
			children = (
				5209962925722EC70090F32E /* VKNewsfeed */,
				5209962825722EC70090F32E /* Products */,
				2EFD5B23A691F0004A6A9F42 /* Pods */,
				19C2F7C13052B4C522A361FE /* Frameworks */,
			);
			sourceTree = "<group>";
		};
		5209962825722EC70090F32E /* Products */ = {
			isa = PBXGroup;
			children = (
				5209962725722EC70090F32E /* VKNewsfeed.app */,
			);
			name = Products;
			sourceTree = "<group>";
		};
		5209962925722EC70090F32E /* VKNewsfeed */ = {
			isa = PBXGroup;
			children = (
				527421DB2573BC970087CE70 /* Helpers */,
				524C66472572D5C100CE9C13 /* Newsfeed */,
				5209966A2572C6700090F32E /* Models */,
				5209966025724DA20090F32E /* AuthScene */,
				5209965225723BC70090F32E /* Services */,
				5209962A25722EC70090F32E /* AppDelegate.swift */,
				5209962C25722EC70090F32E /* SceneDelegate.swift */,
				5209963325722EC80090F32E /* Assets.xcassets */,
				5209963525722EC80090F32E /* LaunchScreen.storyboard */,
				5209963825722EC80090F32E /* Info.plist */,
				52E9BDF2257CADD20025944E /* Localizable.stringsdict */,
			);
			path = VKNewsfeed;
			sourceTree = "<group>";
		};
		5209965225723BC70090F32E /* Services */ = {
			isa = PBXGroup;
			children = (
				5209964F25723BBC0090F32E /* AuthService.swift */,
				520996622572A7D40090F32E /* NetworkService.swift */,
				520996652572A8280090F32E /* API.swift */,
				5209966E2572CA060090F32E /* NetworkDataFetcher.swift */,
			);
			path = Services;
			sourceTree = "<group>";
		};
		5209966025724DA20090F32E /* AuthScene */ = {
			isa = PBXGroup;
			children = (
				5209962E25722EC70090F32E /* AuthViewController.swift */,
				5209965525723E7A0090F32E /* AuthScene.storyboard */,
				527F1EEA259CFB7800A27F67 /* CircleProgressView.swift */,
			);
			path = AuthScene;
			sourceTree = "<group>";
		};
		5209966A2572C6700090F32E /* Models */ = {
			isa = PBXGroup;
			children = (
				5209966B2572C6810090F32E /* FeedResponse.swift */,
				527253FE257C0BE8003D4A79 /* UserResponse.swift */,
			);
			path = Models;
			sourceTree = "<group>";
		};
		524C66472572D5C100CE9C13 /* Newsfeed */ = {
			isa = PBXGroup;
			children = (
				52E9BDEE257CADA20025944E /* FooterView */,
				527253F7257C0B8E003D4A79 /* TitleView */,
				527253E9257BE9F4003D4A79 /* GalleryView */,
				5286347E2573993B005B58F8 /* Cell */,
				524C66482572D61600CE9C13 /* NewsfeedPresenter.swift */,
				524C66492572D61600CE9C13 /* NewsfeedWorker.swift */,
				524C664A2572D61600CE9C13 /* NewsfeedRouter.swift */,
				524C664B2572D61600CE9C13 /* NewsfeedModels.swift */,
				524C664C2572D61600CE9C13 /* NewsfeedViewController.swift */,
				524C664D2572D61600CE9C13 /* NewsfeedInteractor.swift */,
				52863480257399F5005B58F8 /* NewsfeedScene.storyboard */,
			);
			path = Newsfeed;
			sourceTree = "<group>";
		};
		527253E9257BE9F4003D4A79 /* GalleryView */ = {
			isa = PBXGroup;
			children = (
				527253EA257BEA05003D4A79 /* GalleryCollectionView.swift */,
				527253ED257BEA13003D4A79 /* GalleryCollectionViewCell.swift */,
				527253F0257BEA37003D4A79 /* Rowlayout.swift */,
			);
			path = GalleryView;
			sourceTree = "<group>";
		};
		527253F7257C0B8E003D4A79 /* TitleView */ = {
			isa = PBXGroup;
			children = (
				527253F8257C0BA0003D4A79 /* TitleView.swift */,
				527253FB257C0BB2003D4A79 /* InsetableTextField.swift */,
			);
			path = TitleView;
			sourceTree = "<group>";
		};
		527421DB2573BC970087CE70 /* Helpers */ = {
			isa = PBXGroup;
			children = (
				527421DC2573BCAC0087CE70 /* WebImageView.swift */,
				5207D3842576AE6100AE19F3 /* String+Height.swift */,
				527253E6257B8D4A003D4A79 /* Constraints.swift */,
				52E9BDF5257CAF340025944E /* GradientView.swift */,
			);
			path = Helpers;
			sourceTree = "<group>";
		};
		5286347E2573993B005B58F8 /* Cell */ = {
			isa = PBXGroup;
			children = (
				5286348425739AF5005B58F8 /* NewsfeedCell.swift */,
				5286348725739B00005B58F8 /* NewsfeedCell.xib */,
				5207D3812576A07500AE19F3 /* NewsfeedCellLayoutCalculator.swift */,
				5252DA5D25780769005A79A0 /* NewsfeedCodeCell.swift */,
				5252DA6025780FCF005A79A0 /* Constants.swift */,
			);
			path = Cell;
			sourceTree = "<group>";
		};
		52E9BDEE257CADA20025944E /* FooterView */ = {
			isa = PBXGroup;
			children = (
				52E9BDEF257CADB10025944E /* FooterView.swift */,
			);
			path = FooterView;
			sourceTree = "<group>";
		};
/* End PBXGroup section */

/* Begin PBXNativeTarget section */
		5209962625722EC70090F32E /* VKNewsfeed */ = {
			isa = PBXNativeTarget;
			buildConfigurationList = 5209963B25722EC80090F32E /* Build configuration list for PBXNativeTarget "VKNewsfeed" */;
			buildPhases = (
				5A6FAA9653F62EC4E7DE0433 /* [CP] Check Pods Manifest.lock */,
				5209962325722EC70090F32E /* Sources */,
				5209962425722EC70090F32E /* Frameworks */,
				5209962525722EC70090F32E /* Resources */,
				14D1AACAF5F1A983D28D4DC1 /* [CP] Embed Pods Frameworks */,
			);
			buildRules = (
			);
			dependencies = (
			);
			name = VKNewsfeed;
			productName = VKNewsfeed;
			productReference = 5209962725722EC70090F32E /* VKNewsfeed.app */;
			productType = "com.apple.product-type.application";
		};
/* End PBXNativeTarget section */

/* Begin PBXProject section */
		5209961F25722EC70090F32E /* Project object */ = {
			isa = PBXProject;
			attributes = {
				LastSwiftUpdateCheck = 1220;
				LastUpgradeCheck = 1220;
				TargetAttributes = {
					5209962625722EC70090F32E = {
						CreatedOnToolsVersion = 12.2;
					};
				};
			};
			buildConfigurationList = 5209962225722EC70090F32E /* Build configuration list for PBXProject "VKNewsfeed" */;
			compatibilityVersion = "Xcode 9.3";
			developmentRegion = en;
			hasScannedForEncodings = 0;
			knownRegions = (
				en,
				Base,
			);
			mainGroup = 5209961E25722EC70090F32E;
			productRefGroup = 5209962825722EC70090F32E /* Products */;
			projectDirPath = "";
			projectRoot = "";
			targets = (
				5209962625722EC70090F32E /* VKNewsfeed */,
			);
		};
/* End PBXProject section */

/* Begin PBXResourcesBuildPhase section */
		5209962525722EC70090F32E /* Resources */ = {
			isa = PBXResourcesBuildPhase;
			buildActionMask = 2147483647;
			files = (
				5209963725722EC80090F32E /* LaunchScreen.storyboard in Resources */,
				5209963425722EC80090F32E /* Assets.xcassets in Resources */,
				5209965625723E7A0090F32E /* AuthScene.storyboard in Resources */,
				5286348825739B00005B58F8 /* NewsfeedCell.xib in Resources */,
				52863481257399F5005B58F8 /* NewsfeedScene.storyboard in Resources */,
				52E9BDF3257CADD20025944E /* Localizable.stringsdict in Resources */,
			);
			runOnlyForDeploymentPostprocessing = 0;
		};
/* End PBXResourcesBuildPhase section */

/* Begin PBXShellScriptBuildPhase section */
		14D1AACAF5F1A983D28D4DC1 /* [CP] Embed Pods Frameworks */ = {
			isa = PBXShellScriptBuildPhase;
			buildActionMask = 2147483647;
			files = (
			);
			inputFileListPaths = (
				"${PODS_ROOT}/Target Support Files/Pods-VKNewsfeed/Pods-VKNewsfeed-frameworks-${CONFIGURATION}-input-files.xcfilelist",
			);
			name = "[CP] Embed Pods Frameworks";
			outputFileListPaths = (
				"${PODS_ROOT}/Target Support Files/Pods-VKNewsfeed/Pods-VKNewsfeed-frameworks-${CONFIGURATION}-output-files.xcfilelist",
			);
			runOnlyForDeploymentPostprocessing = 0;
			shellPath = /bin/sh;
			shellScript = "\"${PODS_ROOT}/Target Support Files/Pods-VKNewsfeed/Pods-VKNewsfeed-frameworks.sh\"\n";
			showEnvVarsInLog = 0;
		};
		5A6FAA9653F62EC4E7DE0433 /* [CP] Check Pods Manifest.lock */ = {
			isa = PBXShellScriptBuildPhase;
			buildActionMask = 2147483647;
			files = (
			);
			inputFileListPaths = (
			);
			inputPaths = (
				"${PODS_PODFILE_DIR_PATH}/Podfile.lock",
				"${PODS_ROOT}/Manifest.lock",
			);
			name = "[CP] Check Pods Manifest.lock";
			outputFileListPaths = (
			);
			outputPaths = (
				"$(DERIVED_FILE_DIR)/Pods-VKNewsfeed-checkManifestLockResult.txt",
			);
			runOnlyForDeploymentPostprocessing = 0;
			shellPath = /bin/sh;
			shellScript = "diff \"${PODS_PODFILE_DIR_PATH}/Podfile.lock\" \"${PODS_ROOT}/Manifest.lock\" > /dev/null\nif [ $? != 0 ] ; then\n    # print error to STDERR\n    echo \"error: The sandbox is not in sync with the Podfile.lock. Run 'pod install' or update your CocoaPods installation.\" >&2\n    exit 1\nfi\n# This output is used by Xcode 'outputs' to avoid re-running this script phase.\necho \"SUCCESS\" > \"${SCRIPT_OUTPUT_FILE_0}\"\n";
			showEnvVarsInLog = 0;
		};
/* End PBXShellScriptBuildPhase section */

/* Begin PBXSourcesBuildPhase section */
		5209962325722EC70090F32E /* Sources */ = {
			isa = PBXSourcesBuildPhase;
			buildActionMask = 2147483647;
			files = (
				527253F1257BEA37003D4A79 /* Rowlayout.swift in Sources */,
				52E9BDF0257CADB10025944E /* FooterView.swift in Sources */,
				5209966C2572C6810090F32E /* FeedResponse.swift in Sources */,
				527253E7257B8D4A003D4A79 /* Constraints.swift in Sources */,
				524C66532572D61600CE9C13 /* NewsfeedViewController.swift in Sources */,
				5209962F25722EC70090F32E /* AuthViewController.swift in Sources */,
				527253EE257BEA13003D4A79 /* GalleryCollectionViewCell.swift in Sources */,
				5209962B25722EC70090F32E /* AppDelegate.swift in Sources */,
				524C664F2572D61600CE9C13 /* NewsfeedPresenter.swift in Sources */,
				524C66512572D61600CE9C13 /* NewsfeedRouter.swift in Sources */,
				5209962D25722EC70090F32E /* SceneDelegate.swift in Sources */,
				520996632572A7D40090F32E /* NetworkService.swift in Sources */,
				524C66522572D61600CE9C13 /* NewsfeedModels.swift in Sources */,
				5207D3822576A07500AE19F3 /* NewsfeedCellLayoutCalculator.swift in Sources */,
				527421DD2573BCAC0087CE70 /* WebImageView.swift in Sources */,
				527253F9257C0BA0003D4A79 /* TitleView.swift in Sources */,
				5252DA5E25780769005A79A0 /* NewsfeedCodeCell.swift in Sources */,
				5209966F2572CA060090F32E /* NetworkDataFetcher.swift in Sources */,
				527253FF257C0BE8003D4A79 /* UserResponse.swift in Sources */,
				524C66502572D61600CE9C13 /* NewsfeedWorker.swift in Sources */,
				5209965025723BBC0090F32E /* AuthService.swift in Sources */,
				5252DA6125780FCF005A79A0 /* Constants.swift in Sources */,
				520996662572A8280090F32E /* API.swift in Sources */,
				5207D3852576AE6100AE19F3 /* String+Height.swift in Sources */,
				527253EB257BEA05003D4A79 /* GalleryCollectionView.swift in Sources */,
				5286348525739AF5005B58F8 /* NewsfeedCell.swift in Sources */,
				52E9BDF6257CAF340025944E /* GradientView.swift in Sources */,
				524C66542572D61600CE9C13 /* NewsfeedInteractor.swift in Sources */,
				527F1EEB259CFB7800A27F67 /* CircleProgressView.swift in Sources */,
				527253FC257C0BB2003D4A79 /* InsetableTextField.swift in Sources */,
			);
			runOnlyForDeploymentPostprocessing = 0;
		};
/* End PBXSourcesBuildPhase section */

/* Begin PBXVariantGroup section */
		5209963525722EC80090F32E /* LaunchScreen.storyboard */ = {
			isa = PBXVariantGroup;
			children = (
				5209963625722EC80090F32E /* Base */,
			);
			name = LaunchScreen.storyboard;
			sourceTree = "<group>";
		};
/* End PBXVariantGroup section */

/* Begin XCBuildConfiguration section */
		5209963925722EC80090F32E /* Debug */ = {
			isa = XCBuildConfiguration;
			buildSettings = {
				ALWAYS_SEARCH_USER_PATHS = NO;
				CLANG_ANALYZER_NONNULL = YES;
				CLANG_ANALYZER_NUMBER_OBJECT_CONVERSION = YES_AGGRESSIVE;
				CLANG_CXX_LANGUAGE_STANDARD = "gnu++14";
				CLANG_CXX_LIBRARY = "libc++";
				CLANG_ENABLE_MODULES = YES;
				CLANG_ENABLE_OBJC_ARC = YES;
				CLANG_ENABLE_OBJC_WEAK = YES;
				CLANG_WARN_BLOCK_CAPTURE_AUTORELEASING = YES;
				CLANG_WARN_BOOL_CONVERSION = YES;
				CLANG_WARN_COMMA = YES;
				CLANG_WARN_CONSTANT_CONVERSION = YES;
				CLANG_WARN_DEPRECATED_OBJC_IMPLEMENTATIONS = YES;
				CLANG_WARN_DIRECT_OBJC_ISA_USAGE = YES_ERROR;
				CLANG_WARN_DOCUMENTATION_COMMENTS = YES;
				CLANG_WARN_EMPTY_BODY = YES;
				CLANG_WARN_ENUM_CONVERSION = YES;
				CLANG_WARN_INFINITE_RECURSION = YES;
				CLANG_WARN_INT_CONVERSION = YES;
				CLANG_WARN_NON_LITERAL_NULL_CONVERSION = YES;
				CLANG_WARN_OBJC_IMPLICIT_RETAIN_SELF = YES;
				CLANG_WARN_OBJC_LITERAL_CONVERSION = YES;
				CLANG_WARN_OBJC_ROOT_CLASS = YES_ERROR;
				CLANG_WARN_QUOTED_INCLUDE_IN_FRAMEWORK_HEADER = YES;
				CLANG_WARN_RANGE_LOOP_ANALYSIS = YES;
				CLANG_WARN_STRICT_PROTOTYPES = YES;
				CLANG_WARN_SUSPICIOUS_MOVE = YES;
				CLANG_WARN_UNGUARDED_AVAILABILITY = YES_AGGRESSIVE;
				CLANG_WARN_UNREACHABLE_CODE = YES;
				CLANG_WARN__DUPLICATE_METHOD_MATCH = YES;
				COPY_PHASE_STRIP = NO;
				DEBUG_INFORMATION_FORMAT = dwarf;
				ENABLE_STRICT_OBJC_MSGSEND = YES;
				ENABLE_TESTABILITY = YES;
				GCC_C_LANGUAGE_STANDARD = gnu11;
				GCC_DYNAMIC_NO_PIC = NO;
				GCC_NO_COMMON_BLOCKS = YES;
				GCC_OPTIMIZATION_LEVEL = 0;
				GCC_PREPROCESSOR_DEFINITIONS = (
					"DEBUG=1",
					"$(inherited)",
				);
				GCC_WARN_64_TO_32_BIT_CONVERSION = YES;
				GCC_WARN_ABOUT_RETURN_TYPE = YES_ERROR;
				GCC_WARN_UNDECLARED_SELECTOR = YES;
				GCC_WARN_UNINITIALIZED_AUTOS = YES_AGGRESSIVE;
				GCC_WARN_UNUSED_FUNCTION = YES;
				GCC_WARN_UNUSED_VARIABLE = YES;
				IPHONEOS_DEPLOYMENT_TARGET = 14.2;
				MTL_ENABLE_DEBUG_INFO = INCLUDE_SOURCE;
				MTL_FAST_MATH = YES;
				ONLY_ACTIVE_ARCH = YES;
				SDKROOT = iphoneos;
				SWIFT_ACTIVE_COMPILATION_CONDITIONS = DEBUG;
				SWIFT_OPTIMIZATION_LEVEL = "-Onone";
			};
			name = Debug;
		};
		5209963A25722EC80090F32E /* Release */ = {
			isa = XCBuildConfiguration;
			buildSettings = {
				ALWAYS_SEARCH_USER_PATHS = NO;
				CLANG_ANALYZER_NONNULL = YES;
				CLANG_ANALYZER_NUMBER_OBJECT_CONVERSION = YES_AGGRESSIVE;
				CLANG_CXX_LANGUAGE_STANDARD = "gnu++14";
				CLANG_CXX_LIBRARY = "libc++";
				CLANG_ENABLE_MODULES = YES;
				CLANG_ENABLE_OBJC_ARC = YES;
				CLANG_ENABLE_OBJC_WEAK = YES;
				CLANG_WARN_BLOCK_CAPTURE_AUTORELEASING = YES;
				CLANG_WARN_BOOL_CONVERSION = YES;
				CLANG_WARN_COMMA = YES;
				CLANG_WARN_CONSTANT_CONVERSION = YES;
				CLANG_WARN_DEPRECATED_OBJC_IMPLEMENTATIONS = YES;
				CLANG_WARN_DIRECT_OBJC_ISA_USAGE = YES_ERROR;
				CLANG_WARN_DOCUMENTATION_COMMENTS = YES;
				CLANG_WARN_EMPTY_BODY = YES;
				CLANG_WARN_ENUM_CONVERSION = YES;
				CLANG_WARN_INFINITE_RECURSION = YES;
				CLANG_WARN_INT_CONVERSION = YES;
				CLANG_WARN_NON_LITERAL_NULL_CONVERSION = YES;
				CLANG_WARN_OBJC_IMPLICIT_RETAIN_SELF = YES;
				CLANG_WARN_OBJC_LITERAL_CONVERSION = YES;
				CLANG_WARN_OBJC_ROOT_CLASS = YES_ERROR;
				CLANG_WARN_QUOTED_INCLUDE_IN_FRAMEWORK_HEADER = YES;
				CLANG_WARN_RANGE_LOOP_ANALYSIS = YES;
				CLANG_WARN_STRICT_PROTOTYPES = YES;
				CLANG_WARN_SUSPICIOUS_MOVE = YES;
				CLANG_WARN_UNGUARDED_AVAILABILITY = YES_AGGRESSIVE;
				CLANG_WARN_UNREACHABLE_CODE = YES;
				CLANG_WARN__DUPLICATE_METHOD_MATCH = YES;
				COPY_PHASE_STRIP = NO;
				DEBUG_INFORMATION_FORMAT = "dwarf-with-dsym";
				ENABLE_NS_ASSERTIONS = NO;
				ENABLE_STRICT_OBJC_MSGSEND = YES;
				GCC_C_LANGUAGE_STANDARD = gnu11;
				GCC_NO_COMMON_BLOCKS = YES;
				GCC_WARN_64_TO_32_BIT_CONVERSION = YES;
				GCC_WARN_ABOUT_RETURN_TYPE = YES_ERROR;
				GCC_WARN_UNDECLARED_SELECTOR = YES;
				GCC_WARN_UNINITIALIZED_AUTOS = YES_AGGRESSIVE;
				GCC_WARN_UNUSED_FUNCTION = YES;
				GCC_WARN_UNUSED_VARIABLE = YES;
				IPHONEOS_DEPLOYMENT_TARGET = 14.2;
				MTL_ENABLE_DEBUG_INFO = NO;
				MTL_FAST_MATH = YES;
				SDKROOT = iphoneos;
				SWIFT_COMPILATION_MODE = wholemodule;
				SWIFT_OPTIMIZATION_LEVEL = "-O";
				VALIDATE_PRODUCT = YES;
			};
			name = Release;
		};
		5209963C25722EC80090F32E /* Debug */ = {
			isa = XCBuildConfiguration;
			baseConfigurationReference = 664C3CE7119086FE3D6E566D /* Pods-VKNewsfeed.debug.xcconfig */;
			buildSettings = {
				ASSETCATALOG_COMPILER_APPICON_NAME = AppIcon;
				ASSETCATALOG_COMPILER_GLOBAL_ACCENT_COLOR_NAME = AccentColor;
				CODE_SIGN_STYLE = Automatic;
				DEVELOPMENT_TEAM = 47XAJM48N4;
				INFOPLIST_FILE = VKNewsfeed/Info.plist;
				LD_RUNPATH_SEARCH_PATHS = (
					"$(inherited)",
					"@executable_path/Frameworks",
				);
				PRODUCT_BUNDLE_IDENTIFIER = ru.rostislav.VKNewsfeed;
				PRODUCT_NAME = "$(TARGET_NAME)";
				SWIFT_VERSION = 5.0;
				TARGETED_DEVICE_FAMILY = "1,2";
			};
			name = Debug;
		};
		5209963D25722EC80090F32E /* Release */ = {
			isa = XCBuildConfiguration;
			baseConfigurationReference = 1874DB701DE34CF1B1D96F44 /* Pods-VKNewsfeed.release.xcconfig */;
			buildSettings = {
				ASSETCATALOG_COMPILER_APPICON_NAME = AppIcon;
				ASSETCATALOG_COMPILER_GLOBAL_ACCENT_COLOR_NAME = AccentColor;
				CODE_SIGN_STYLE = Automatic;
				DEVELOPMENT_TEAM = 47XAJM48N4;
				INFOPLIST_FILE = VKNewsfeed/Info.plist;
				LD_RUNPATH_SEARCH_PATHS = (
					"$(inherited)",
					"@executable_path/Frameworks",
				);
				PRODUCT_BUNDLE_IDENTIFIER = ru.rostislav.VKNewsfeed;
				PRODUCT_NAME = "$(TARGET_NAME)";
				SWIFT_VERSION = 5.0;
				TARGETED_DEVICE_FAMILY = "1,2";
			};
			name = Release;
		};
/* End XCBuildConfiguration section */

/* Begin XCConfigurationList section */
		5209962225722EC70090F32E /* Build configuration list for PBXProject "VKNewsfeed" */ = {
			isa = XCConfigurationList;
			buildConfigurations = (
				5209963925722EC80090F32E /* Debug */,
				5209963A25722EC80090F32E /* Release */,
			);
			defaultConfigurationIsVisible = 0;
			defaultConfigurationName = Release;
		};
		5209963B25722EC80090F32E /* Build configuration list for PBXNativeTarget "VKNewsfeed" */ = {
			isa = XCConfigurationList;
			buildConfigurations = (
				5209963C25722EC80090F32E /* Debug */,
				5209963D25722EC80090F32E /* Release */,
			);
			defaultConfigurationIsVisible = 0;
			defaultConfigurationName = Release;
		};
/* End XCConfigurationList section */
	};
	rootObject = 5209961F25722EC70090F32E /* Project object */;
}
